// !$*UTF8*$!
{
	archiveVersion = 1;
	classes = {
	};
	objectVersion = 46;
	objects = {

/* Begin PBXBuildFile section */
		D50E373D1CC7D03F00310479 /* AppDelegate.swift in Sources */ = {isa = PBXBuildFile; fileRef = D50E373C1CC7D03F00310479 /* AppDelegate.swift */; };
		D50E373F1CC7D04000310479 /* ViewController.swift in Sources */ = {isa = PBXBuildFile; fileRef = D50E373E1CC7D03F00310479 /* ViewController.swift */; };
		D50E37421CC7D04000310479 /* Main.storyboard in Resources */ = {isa = PBXBuildFile; fileRef = D50E37401CC7D04000310479 /* Main.storyboard */; };
		D50E37441CC7D04000310479 /* Assets.xcassets in Resources */ = {isa = PBXBuildFile; fileRef = D50E37431CC7D04000310479 /* Assets.xcassets */; };
		D50E37471CC7D04000310479 /* LaunchScreen.storyboard in Resources */ = {isa = PBXBuildFile; fileRef = D50E37451CC7D04000310479 /* LaunchScreen.storyboard */; };
		D50E374F1CC7D05B00310479 /* UDExponentialBackoffTimer.framework in Frameworks */ = {isa = PBXBuildFile; fileRef = D50E374E1CC7D05B00310479 /* UDExponentialBackoffTimer.framework */; };
		D50E37501CC7D08100310479 /* UDExponentialBackoffTimer.framework in Frameworks */ = {isa = PBXBuildFile; fileRef = D50E374E1CC7D05B00310479 /* UDExponentialBackoffTimer.framework */; };
		D50E37511CC7D08100310479 /* UDExponentialBackoffTimer.framework in Embed Frameworks */ = {isa = PBXBuildFile; fileRef = D50E374E1CC7D05B00310479 /* UDExponentialBackoffTimer.framework */; settings = {ATTRIBUTES = (CodeSignOnCopy, RemoveHeadersOnCopy, ); }; };
/* End PBXBuildFile section */

/* Begin PBXCopyFilesBuildPhase section */
		D50E37521CC7D08200310479 /* Embed Frameworks */ = {
			isa = PBXCopyFilesBuildPhase;
			buildActionMask = 2147483647;
			dstPath = "";
			dstSubfolderSpec = 10;
			files = (
				D50E37511CC7D08100310479 /* UDExponentialBackoffTimer.framework in Embed Frameworks */,
			);
			name = "Embed Frameworks";
			runOnlyForDeploymentPostprocessing = 0;
		};
/* End PBXCopyFilesBuildPhase section */

/* Begin PBXFileReference section */
		D50E37391CC7D03F00310479 /* BackoffTimerTests.app */ = {isa = PBXFileReference; explicitFileType = wrapper.application; includeInIndex = 0; path = BackoffTimerTests.app; sourceTree = BUILT_PRODUCTS_DIR; };
		D50E373C1CC7D03F00310479 /* AppDelegate.swift */ = {isa = PBXFileReference; lastKnownFileType = sourcecode.swift; path = AppDelegate.swift; sourceTree = "<group>"; };
		D50E373E1CC7D03F00310479 /* ViewController.swift */ = {isa = PBXFileReference; lastKnownFileType = sourcecode.swift; path = ViewController.swift; sourceTree = "<group>"; };
		D50E37411CC7D04000310479 /* Base */ = {isa = PBXFileReference; lastKnownFileType = file.storyboard; name = Base; path = Base.lproj/Main.storyboard; sourceTree = "<group>"; };
		D50E37431CC7D04000310479 /* Assets.xcassets */ = {isa = PBXFileReference; lastKnownFileType = folder.assetcatalog; path = Assets.xcassets; sourceTree = "<group>"; };
		D50E37461CC7D04000310479 /* Base */ = {isa = PBXFileReference; lastKnownFileType = file.storyboard; name = Base; path = Base.lproj/LaunchScreen.storyboard; sourceTree = "<group>"; };
		D50E37481CC7D04000310479 /* Info.plist */ = {isa = PBXFileReference; lastKnownFileType = text.plist.xml; path = Info.plist; sourceTree = "<group>"; };
		D50E374E1CC7D05B00310479 /* UDExponentialBackoffTimer.framework */ = {isa = PBXFileReference; lastKnownFileType = wrapper.framework; name = UDExponentialBackoffTimer.framework; path = "../../../../Library/Developer/Xcode/DerivedData/UDExponentialBackoffTimer-bajhptwnvfwerwaeeqjgdeqoalcf/Build/Products/Debug-iphonesimulator/UDExponentialBackoffTimer.framework"; sourceTree = "<group>"; };
/* End PBXFileReference section */

/* Begin PBXFrameworksBuildPhase section */
		D50E37361CC7D03F00310479 /* Frameworks */ = {
			isa = PBXFrameworksBuildPhase;
			buildActionMask = 2147483647;
			files = (
				D50E37501CC7D08100310479 /* UDExponentialBackoffTimer.framework in Frameworks */,
				D50E374F1CC7D05B00310479 /* UDExponentialBackoffTimer.framework in Frameworks */,
			);
			runOnlyForDeploymentPostprocessing = 0;
		};
/* End PBXFrameworksBuildPhase section */

/* Begin PBXGroup section */
		D50E37301CC7D03F00310479 = {
			isa = PBXGroup;
			children = (
				D50E374E1CC7D05B00310479 /* UDExponentialBackoffTimer.framework */,
				D50E373B1CC7D03F00310479 /* BackoffTimerTests */,
				D50E373A1CC7D03F00310479 /* Products */,
			);
			sourceTree = "<group>";
		};
		D50E373A1CC7D03F00310479 /* Products */ = {
			isa = PBXGroup;
			children = (
				D50E37391CC7D03F00310479 /* BackoffTimerTests.app */,
			);
			name = Products;
			sourceTree = "<group>";
		};
		D50E373B1CC7D03F00310479 /* BackoffTimerTests */ = {
			isa = PBXGroup;
			children = (
				D50E373C1CC7D03F00310479 /* AppDelegate.swift */,
				D50E373E1CC7D03F00310479 /* ViewController.swift */,
				D50E37401CC7D04000310479 /* Main.storyboard */,
				D50E37431CC7D04000310479 /* Assets.xcassets */,
				D50E37451CC7D04000310479 /* LaunchScreen.storyboard */,
				D50E37481CC7D04000310479 /* Info.plist */,
			);
			path = BackoffTimerTests;
			sourceTree = "<group>";
		};
/* End PBXGroup section */

/* Begin PBXNativeTarget section */
		D50E37381CC7D03F00310479 /* BackoffTimerTests */ = {
			isa = PBXNativeTarget;
			buildConfigurationList = D50E374B1CC7D04000310479 /* Build configuration list for PBXNativeTarget "BackoffTimerTests" */;
			buildPhases = (
				D50E37351CC7D03F00310479 /* Sources */,
				D50E37361CC7D03F00310479 /* Frameworks */,
				D50E37371CC7D03F00310479 /* Resources */,
				D50E37521CC7D08200310479 /* Embed Frameworks */,
			);
			buildRules = (
			);
			dependencies = (
			);
			name = BackoffTimerTests;
			productName = BackoffTimerTests;
			productReference = D50E37391CC7D03F00310479 /* BackoffTimerTests.app */;
			productType = "com.apple.product-type.application";
		};
/* End PBXNativeTarget section */

/* Begin PBXProject section */
		D50E37311CC7D03F00310479 /* Project object */ = {
			isa = PBXProject;
			attributes = {
				LastSwiftUpdateCheck = 0730;
				LastUpgradeCheck = 0730;
				ORGANIZATIONNAME = "Udi Dagan";
				TargetAttributes = {
					D50E37381CC7D03F00310479 = {
						CreatedOnToolsVersion = 7.3;
					};
				};
			};
			buildConfigurationList = D50E37341CC7D03F00310479 /* Build configuration list for PBXProject "BackoffTimerTests" */;
			compatibilityVersion = "Xcode 3.2";
			developmentRegion = English;
			hasScannedForEncodings = 0;
			knownRegions = (
				en,
				Base,
			);
			mainGroup = D50E37301CC7D03F00310479;
			productRefGroup = D50E373A1CC7D03F00310479 /* Products */;
			projectDirPath = "";
			projectRoot = "";
			targets = (
				D50E37381CC7D03F00310479 /* BackoffTimerTests */,
			);
		};
/* End PBXProject section */

/* Begin PBXResourcesBuildPhase section */
		D50E37371CC7D03F00310479 /* Resources */ = {
			isa = PBXResourcesBuildPhase;
			buildActionMask = 2147483647;
			files = (
				D50E37471CC7D04000310479 /* LaunchScreen.storyboard in Resources */,
				D50E37441CC7D04000310479 /* Assets.xcassets in Resources */,
				D50E37421CC7D04000310479 /* Main.storyboard in Resources */,
			);
			runOnlyForDeploymentPostprocessing = 0;
		};
/* End PBXResourcesBuildPhase section */

/* Begin PBXSourcesBuildPhase section */
		D50E37351CC7D03F00310479 /* Sources */ = {
			isa = PBXSourcesBuildPhase;
			buildActionMask = 2147483647;
			files = (
				D50E373F1CC7D04000310479 /* ViewController.swift in Sources */,
				D50E373D1CC7D03F00310479 /* AppDelegate.swift in Sources */,
			);
			runOnlyForDeploymentPostprocessing = 0;
		};
/* End PBXSourcesBuildPhase section */

/* Begin PBXVariantGroup section */
		D50E37401CC7D04000310479 /* Main.storyboard */ = {
			isa = PBXVariantGroup;
			children = (
				D50E37411CC7D04000310479 /* Base */,
			);
			name = Main.storyboard;
			sourceTree = "<group>";
		};
		D50E37451CC7D04000310479 /* LaunchScreen.storyboard */ = {
			isa = PBXVariantGroup;
			children = (
				D50E37461CC7D04000310479 /* Base */,
			);
			name = LaunchScreen.storyboard;
			sourceTree = "<group>";
		};
/* End PBXVariantGroup section */

/* Begin XCBuildConfiguration section */
		D50E37491CC7D04000310479 /* Debug */ = {
			isa = XCBuildConfiguration;
			buildSettings = {
				ALWAYS_SEARCH_USER_PATHS = NO;
				CLANG_ANALYZER_NONNULL = YES;
				CLANG_CXX_LANGUAGE_STANDARD = "gnu++0x";
				CLANG_CXX_LIBRARY = "libc++";
				CLANG_ENABLE_MODULES = YES;
				CLANG_ENABLE_OBJC_ARC = YES;
				CLANG_WARN_BOOL_CONVERSION = YES;
				CLANG_WARN_CONSTANT_CONVERSION = YES;
				CLANG_WARN_DIRECT_OBJC_ISA_USAGE = YES_ERROR;
				CLANG_WARN_EMPTY_BODY = YES;
				CLANG_WARN_ENUM_CONVERSION = YES;
				CLANG_WARN_INT_CONVERSION = YES;
				CLANG_WARN_OBJC_ROOT_CLASS = YES_ERROR;
				CLANG_WARN_UNREACHABLE_CODE = YES;
				CLANG_WARN__DUPLICATE_METHOD_MATCH = YES;
				"CODE_SIGN_IDENTITY[sdk=iphoneos*]" = "iPhone Developer";
				COPY_PHASE_STRIP = NO;
				DEBUG_INFORMATION_FORMAT = dwarf;
				ENABLE_STRICT_OBJC_MSGSEND = YES;
				ENABLE_TESTABILITY = YES;
				GCC_C_LANGUAGE_STANDARD = gnu99;
				GCC_DYNAMIC_NO_PIC = NO;
				GCC_NO_COMMON_BLOCKS = YES;
				GCC_OPTIMIZATION_LEVEL = 0;
				GCC_PREPROCESSOR_DEFINITIONS = (
					"DEBUG=1",
					"$(inherited)",
				);
				GCC_WARN_64_TO_32_BIT_CONVERSION = YES;
				GCC_WARN_ABOUT_RETURN_TYPE = YES_ERROR;
				GCC_WARN_UNDECLARED_SELECTOR = YES;
				GCC_WARN_UNINITIALIZED_AUTOS = YES_AGGRESSIVE;
				GCC_WARN_UNUSED_FUNCTION = YES;
				GCC_WARN_UNUSED_VARIABLE = YES;
				IPHONEOS_DEPLOYMENT_TARGET = 9.3;
				MTL_ENABLE_DEBUG_INFO = YES;
				ONLY_ACTIVE_ARCH = YES;
				SDKROOT = iphoneos;
				SWIFT_OPTIMIZATION_LEVEL = "-Onone";
			};
			name = Debug;
		};
		D50E374A1CC7D04000310479 /* Release */ = {
			isa = XCBuildConfiguration;
			buildSettings = {
				ALWAYS_SEARCH_USER_PATHS = NO;
				CLANG_ANALYZER_NONNULL = YES;
				CLANG_CXX_LANGUAGE_STANDARD = "gnu++0x";
				CLANG_CXX_LIBRARY = "libc++";
				CLANG_ENABLE_MODULES = YES;
				CLANG_ENABLE_OBJC_ARC = YES;
				CLANG_WARN_BOOL_CONVERSION = YES;
				CLANG_WARN_CONSTANT_CONVERSION = YES;
				CLANG_WARN_DIRECT_OBJC_ISA_USAGE = YES_ERROR;
				CLANG_WARN_EMPTY_BODY = YES;
				CLANG_WARN_ENUM_CONVERSION = YES;
				CLANG_WARN_INT_CONVERSION = YES;
				CLANG_WARN_OBJC_ROOT_CLASS = YES_ERROR;
				CLANG_WARN_UNREACHABLE_CODE = YES;
				CLANG_WARN__DUPLICATE_METHOD_MATCH = YES;
				"CODE_SIGN_IDENTITY[sdk=iphoneos*]" = "iPhone Developer";
				COPY_PHASE_STRIP = NO;
				DEBUG_INFORMATION_FORMAT = "dwarf-with-dsym";
				ENABLE_NS_ASSERTIONS = NO;
				ENABLE_STRICT_OBJC_MSGSEND = YES;
				GCC_C_LANGUAGE_STANDARD = gnu99;
				GCC_NO_COMMON_BLOCKS = YES;
				GCC_WARN_64_TO_32_BIT_CONVERSION = YES;
				GCC_WARN_ABOUT_RETURN_TYPE = YES_ERROR;
				GCC_WARN_UNDECLARED_SELECTOR = YES;
				GCC_WARN_UNINITIALIZED_AUTOS = YES_AGGRESSIVE;
				GCC_WARN_UNUSED_FUNCTION = YES;
				GCC_WARN_UNUSED_VARIABLE = YES;
				IPHONEOS_DEPLOYMENT_TARGET = 9.3;
				MTL_ENABLE_DEBUG_INFO = NO;
				SDKROOT = iphoneos;
				VALIDATE_PRODUCT = YES;
			};
			name = Release;
		};
		D50E374C1CC7D04000310479 /* Debug */ = {
			isa = XCBuildConfiguration;
			buildSettings = {
				ASSETCATALOG_COMPILER_APPICON_NAME = AppIcon;
				INFOPLIST_FILE = BackoffTimerTests/Info.plist;
				LD_RUNPATH_SEARCH_PATHS = "$(inherited) @executable_path/Frameworks";
				PRODUCT_BUNDLE_IDENTIFIER = com.dagan.udi.BackoffTimerTests;
				PRODUCT_NAME = "$(TARGET_NAME)";
			};
			name = Debug;
		};
		D50E374D1CC7D04000310479 /* Release */ = {
			isa = XCBuildConfiguration;
			buildSettings = {
				ASSETCATALOG_COMPILER_APPICON_NAME = AppIcon;
				INFOPLIST_FILE = BackoffTimerTests/Info.plist;
				LD_RUNPATH_SEARCH_PATHS = "$(inherited) @executable_path/Frameworks";
				PRODUCT_BUNDLE_IDENTIFIER = com.dagan.udi.BackoffTimerTests;
				PRODUCT_NAME = "$(TARGET_NAME)";
			};
			name = Release;
		};
/* End XCBuildConfiguration section */

/* Begin XCConfigurationList section */
		D50E37341CC7D03F00310479 /* Build configuration list for PBXProject "BackoffTimerTests" */ = {
			isa = XCConfigurationList;
			buildConfigurations = (
				D50E37491CC7D04000310479 /* Debug */,
				D50E374A1CC7D04000310479 /* Release */,
			);
			defaultConfigurationIsVisible = 0;
			defaultConfigurationName = Release;
		};
		D50E374B1CC7D04000310479 /* Build configuration list for PBXNativeTarget "BackoffTimerTests" */ = {
			isa = XCConfigurationList;
			buildConfigurations = (
				D50E374C1CC7D04000310479 /* Debug */,
				D50E374D1CC7D04000310479 /* Release */,
			);
			defaultConfigurationIsVisible = 0;
		};
/* End XCConfigurationList section */
	};
	rootObject = D50E37311CC7D03F00310479 /* Project object */;
}
